
Microsoft Visual Studio Solution File, Format Version 12.00
# Visual Studio 15
VisualStudioVersion = 15.0.28307.852
MinimumVisualStudioVersion = 10.0.40219.1
Project("{8BC9CEB8-8B4A-11D0-8D11-00A0C91BC942}") = "01 动态数组", "01 动态数组\01 动态数组.vcxproj", "{83D41A4E-5537-406F-84F1-BF42CDF21DA8}"
EndProject
Project("{8BC9CEB8-8B4A-11D0-8D11-00A0C91BC942}") = "02 单向链表", "02 单向链表\02 单向链表.vcxproj", "{49A6952F-E2BF-41CE-91C9-68719E24379D}"
EndProject
Project("{8BC9CEB8-8B4A-11D0-8D11-00A0C91BC942}") = "03 栈的顺序存储", "03 栈的顺序存储\03 栈的顺序存储.vcxproj", "{6887A1BF-E5FC-4690-AEAC-CEC69AC0EF30}"
EndProject
Project("{8BC9CEB8-8B4A-11D0-8D11-00A0C91BC942}") = "04 栈的链式存储", "04 栈的链式存储\04 栈的链式存储.vcxproj", "{AD19400C-AFC3-4810-B7A1-329803D34881}"
EndProject
Project("{8BC9CEB8-8B4A-11D0-8D11-00A0C91BC942}") = "02 企业级单向链表", "02 企业级单向链表\02 企业级单向链表.vcxproj", "{AB2F1BD1-BCDC-4765-8D1C-30C9AA6DE675}"
EndProject
Project("{8BC9CEB8-8B4A-11D0-8D11-00A0C91BC942}") = "05 队列的顺序存储", "05 队列的顺序存储\05 队列的顺序存储.vcxproj", "{95B7A422-F0A0-416E-9F14-54A7EB28A5FA}"
EndProject
Project("{8BC9CEB8-8B4A-11D0-8D11-00A0C91BC942}") = "06 队列的链式存储", "06 队列的链式存储\06 队列的链式存储.vcxproj", "{9D01464A-4A15-43F6-B85F-6BB6F4B67A21}"
EndProject
Project("{8BC9CEB8-8B4A-11D0-8D11-00A0C91BC942}") = "07 二叉树的递归遍历", "07 二叉树的递归遍历\07 二叉树的递归遍历.vcxproj", "{D4AABFD8-752E-45ED-8824-14772462993D}"
EndProject
Project("{8BC9CEB8-8B4A-11D0-8D11-00A0C91BC942}") = "08 冒泡排序", "08 冒泡排序\08 冒泡排序.vcxproj", "{A0CF3915-22D7-44E6-80B5-C9EB1598092F}"
EndProject
Project("{8BC9CEB8-8B4A-11D0-8D11-00A0C91BC942}") = "10 插入排序", "10 插入排序\10 插入排序.vcxproj", "{9FAEEDF9-3556-4C50-BB93-BB0C38CC8D35}"
EndProject
Project("{8BC9CEB8-8B4A-11D0-8D11-00A0C91BC942}") = "11 希尔排序", "11 希尔排序\11 希尔排序.vcxproj", "{766BCD79-F3C9-4C6D-988C-A4A5558AE6B3}"
EndProject
Project("{8BC9CEB8-8B4A-11D0-8D11-00A0C91BC942}") = "12 快速排序", "12 快速排序\12 快速排序.vcxproj", "{F22A7A89-42CC-42D7-8F61-FCD7A4BFC96F}"
EndProject
Project("{8BC9CEB8-8B4A-11D0-8D11-00A0C91BC942}") = "13 归并排序", "13 合并排序\13 合并排序.vcxproj", "{0AA5B55C-34C1-45D6-88C5-E1EC4CAEE199}"
EndProject
Project("{8BC9CEB8-8B4A-11D0-8D11-00A0C91BC942}") = "14 堆排序", "14 堆排序\14 堆排序.vcxproj", "{8813E541-528B-40DF-9EEA-A6A1809C338D}"
EndProject
Project("{8BC9CEB8-8B4A-11D0-8D11-00A0C91BC942}") = "02 企业级循环链表", "02 企业级循环链表\02 企业级循环链表.vcxproj", "{A9902282-F848-458B-B070-A0F26A25A4F9}"
EndProject
Project("{8BC9CEB8-8B4A-11D0-8D11-00A0C91BC942}") = "02 循环链表解决约瑟夫问题", "02 循环链表解决约瑟夫问题\02 循环链表解决约瑟夫问题.vcxproj", "{A1BFCAE8-7965-4ED5-A1E8-037CED5E63C4}"
EndProject
Project("{8BC9CEB8-8B4A-11D0-8D11-00A0C91BC942}") = "15 KMP模式匹配算法", "15 KMP模式匹配算法\15 KMP模式匹配算法.vcxproj", "{6CD73E0D-5C60-4440-8BBB-518B1F02C6E2}"
EndProject
Project("{8BC9CEB8-8B4A-11D0-8D11-00A0C91BC942}") = "09 简单选择排序", "09 简单选择排序\简单选择排序.vcxproj", "{06B9CF7F-2606-4EDD-B65E-34640ADC5D23}"
EndProject
Global
	GlobalSection(SolutionConfigurationPlatforms) = preSolution
		Debug|x64 = Debug|x64
		Debug|x86 = Debug|x86
		Release|x64 = Release|x64
		Release|x86 = Release|x86
	EndGlobalSection
	GlobalSection(ProjectConfigurationPlatforms) = postSolution
		{83D41A4E-5537-406F-84F1-BF42CDF21DA8}.Debug|x64.ActiveCfg = Debug|x64
		{83D41A4E-5537-406F-84F1-BF42CDF21DA8}.Debug|x64.Build.0 = Debug|x64
		{83D41A4E-5537-406F-84F1-BF42CDF21DA8}.Debug|x86.ActiveCfg = Debug|Win32
		{83D41A4E-5537-406F-84F1-BF42CDF21DA8}.Debug|x86.Build.0 = Debug|Win32
		{83D41A4E-5537-406F-84F1-BF42CDF21DA8}.Release|x64.ActiveCfg = Release|x64
		{83D41A4E-5537-406F-84F1-BF42CDF21DA8}.Release|x64.Build.0 = Release|x64
		{83D41A4E-5537-406F-84F1-BF42CDF21DA8}.Release|x86.ActiveCfg = Release|Win32
		{83D41A4E-5537-406F-84F1-BF42CDF21DA8}.Release|x86.Build.0 = Release|Win32
		{49A6952F-E2BF-41CE-91C9-68719E24379D}.Debug|x64.ActiveCfg = Debug|x64
		{49A6952F-E2BF-41CE-91C9-68719E24379D}.Debug|x64.Build.0 = Debug|x64
		{49A6952F-E2BF-41CE-91C9-68719E24379D}.Debug|x86.ActiveCfg = Debug|Win32
		{49A6952F-E2BF-41CE-91C9-68719E24379D}.Debug|x86.Build.0 = Debug|Win32
		{49A6952F-E2BF-41CE-91C9-68719E24379D}.Release|x64.ActiveCfg = Release|x64
		{49A6952F-E2BF-41CE-91C9-68719E24379D}.Release|x64.Build.0 = Release|x64
		{49A6952F-E2BF-41CE-91C9-68719E24379D}.Release|x86.ActiveCfg = Release|Win32
		{49A6952F-E2BF-41CE-91C9-68719E24379D}.Release|x86.Build.0 = Release|Win32
		{6887A1BF-E5FC-4690-AEAC-CEC69AC0EF30}.Debug|x64.ActiveCfg = Debug|x64
		{6887A1BF-E5FC-4690-AEAC-CEC69AC0EF30}.Debug|x64.Build.0 = Debug|x64
		{6887A1BF-E5FC-4690-AEAC-CEC69AC0EF30}.Debug|x86.ActiveCfg = Debug|Win32
		{6887A1BF-E5FC-4690-AEAC-CEC69AC0EF30}.Debug|x86.Build.0 = Debug|Win32
		{6887A1BF-E5FC-4690-AEAC-CEC69AC0EF30}.Release|x64.ActiveCfg = Release|x64
		{6887A1BF-E5FC-4690-AEAC-CEC69AC0EF30}.Release|x64.Build.0 = Release|x64
		{6887A1BF-E5FC-4690-AEAC-CEC69AC0EF30}.Release|x86.ActiveCfg = Release|Win32
		{6887A1BF-E5FC-4690-AEAC-CEC69AC0EF30}.Release|x86.Build.0 = Release|Win32
		{AD19400C-AFC3-4810-B7A1-329803D34881}.Debug|x64.ActiveCfg = Debug|x64
		{AD19400C-AFC3-4810-B7A1-329803D34881}.Debug|x64.Build.0 = Debug|x64
		{AD19400C-AFC3-4810-B7A1-329803D34881}.Debug|x86.ActiveCfg = Debug|Win32
		{AD19400C-AFC3-4810-B7A1-329803D34881}.Debug|x86.Build.0 = Debug|Win32
		{AD19400C-AFC3-4810-B7A1-329803D34881}.Release|x64.ActiveCfg = Release|x64
		{AD19400C-AFC3-4810-B7A1-329803D34881}.Release|x64.Build.0 = Release|x64
		{AD19400C-AFC3-4810-B7A1-329803D34881}.Release|x86.ActiveCfg = Release|Win32
		{AD19400C-AFC3-4810-B7A1-329803D34881}.Release|x86.Build.0 = Release|Win32
		{AB2F1BD1-BCDC-4765-8D1C-30C9AA6DE675}.Debug|x64.ActiveCfg = Debug|x64
		{AB2F1BD1-BCDC-4765-8D1C-30C9AA6DE675}.Debug|x64.Build.0 = Debug|x64
		{AB2F1BD1-BCDC-4765-8D1C-30C9AA6DE675}.Debug|x86.ActiveCfg = Debug|Win32
		{AB2F1BD1-BCDC-4765-8D1C-30C9AA6DE675}.Debug|x86.Build.0 = Debug|Win32
		{AB2F1BD1-BCDC-4765-8D1C-30C9AA6DE675}.Release|x64.ActiveCfg = Release|x64
		{AB2F1BD1-BCDC-4765-8D1C-30C9AA6DE675}.Release|x64.Build.0 = Release|x64
		{AB2F1BD1-BCDC-4765-8D1C-30C9AA6DE675}.Release|x86.ActiveCfg = Release|Win32
		{AB2F1BD1-BCDC-4765-8D1C-30C9AA6DE675}.Release|x86.Build.0 = Release|Win32
		{95B7A422-F0A0-416E-9F14-54A7EB28A5FA}.Debug|x64.ActiveCfg = Debug|x64
		{95B7A422-F0A0-416E-9F14-54A7EB28A5FA}.Debug|x64.Build.0 = Debug|x64
		{95B7A422-F0A0-416E-9F14-54A7EB28A5FA}.Debug|x86.ActiveCfg = Debug|Win32
		{95B7A422-F0A0-416E-9F14-54A7EB28A5FA}.Debug|x86.Build.0 = Debug|Win32
		{95B7A422-F0A0-416E-9F14-54A7EB28A5FA}.Release|x64.ActiveCfg = Release|x64
		{95B7A422-F0A0-416E-9F14-54A7EB28A5FA}.Release|x64.Build.0 = Release|x64
		{95B7A422-F0A0-416E-9F14-54A7EB28A5FA}.Release|x86.ActiveCfg = Release|Win32
		{95B7A422-F0A0-416E-9F14-54A7EB28A5FA}.Release|x86.Build.0 = Release|Win32
		{9D01464A-4A15-43F6-B85F-6BB6F4B67A21}.Debug|x64.ActiveCfg = Debug|x64
		{9D01464A-4A15-43F6-B85F-6BB6F4B67A21}.Debug|x64.Build.0 = Debug|x64
		{9D01464A-4A15-43F6-B85F-6BB6F4B67A21}.Debug|x86.ActiveCfg = Debug|Win32
		{9D01464A-4A15-43F6-B85F-6BB6F4B67A21}.Debug|x86.Build.0 = Debug|Win32
		{9D01464A-4A15-43F6-B85F-6BB6F4B67A21}.Release|x64.ActiveCfg = Release|x64
		{9D01464A-4A15-43F6-B85F-6BB6F4B67A21}.Release|x64.Build.0 = Release|x64
		{9D01464A-4A15-43F6-B85F-6BB6F4B67A21}.Release|x86.ActiveCfg = Release|Win32
		{9D01464A-4A15-43F6-B85F-6BB6F4B67A21}.Release|x86.Build.0 = Release|Win32
		{D4AABFD8-752E-45ED-8824-14772462993D}.Debug|x64.ActiveCfg = Debug|x64
		{D4AABFD8-752E-45ED-8824-14772462993D}.Debug|x64.Build.0 = Debug|x64
		{D4AABFD8-752E-45ED-8824-14772462993D}.Debug|x86.ActiveCfg = Debug|Win32
		{D4AABFD8-752E-45ED-8824-14772462993D}.Debug|x86.Build.0 = Debug|Win32
		{D4AABFD8-752E-45ED-8824-14772462993D}.Release|x64.ActiveCfg = Release|x64
		{D4AABFD8-752E-45ED-8824-14772462993D}.Release|x64.Build.0 = Release|x64
		{D4AABFD8-752E-45ED-8824-14772462993D}.Release|x86.ActiveCfg = Release|Win32
		{D4AABFD8-752E-45ED-8824-14772462993D}.Release|x86.Build.0 = Release|Win32
		{A0CF3915-22D7-44E6-80B5-C9EB1598092F}.Debug|x64.ActiveCfg = Debug|x64
		{A0CF3915-22D7-44E6-80B5-C9EB1598092F}.Debug|x64.Build.0 = Debug|x64
		{A0CF3915-22D7-44E6-80B5-C9EB1598092F}.Debug|x86.ActiveCfg = Debug|Win32
		{A0CF3915-22D7-44E6-80B5-C9EB1598092F}.Debug|x86.Build.0 = Debug|Win32
		{A0CF3915-22D7-44E6-80B5-C9EB1598092F}.Release|x64.ActiveCfg = Release|x64
		{A0CF3915-22D7-44E6-80B5-C9EB1598092F}.Release|x64.Build.0 = Release|x64
		{A0CF3915-22D7-44E6-80B5-C9EB1598092F}.Release|x86.ActiveCfg = Release|Win32
		{A0CF3915-22D7-44E6-80B5-C9EB1598092F}.Release|x86.Build.0 = Release|Win32
		{9FAEEDF9-3556-4C50-BB93-BB0C38CC8D35}.Debug|x64.ActiveCfg = Debug|x64
		{9FAEEDF9-3556-4C50-BB93-BB0C38CC8D35}.Debug|x64.Build.0 = Debug|x64
		{9FAEEDF9-3556-4C50-BB93-BB0C38CC8D35}.Debug|x86.ActiveCfg = Debug|Win32
		{9FAEEDF9-3556-4C50-BB93-BB0C38CC8D35}.Debug|x86.Build.0 = Debug|Win32
		{9FAEEDF9-3556-4C50-BB93-BB0C38CC8D35}.Release|x64.ActiveCfg = Release|x64
		{9FAEEDF9-3556-4C50-BB93-BB0C38CC8D35}.Release|x64.Build.0 = Release|x64
		{9FAEEDF9-3556-4C50-BB93-BB0C38CC8D35}.Release|x86.ActiveCfg = Release|Win32
		{9FAEEDF9-3556-4C50-BB93-BB0C38CC8D35}.Release|x86.Build.0 = Release|Win32
		{766BCD79-F3C9-4C6D-988C-A4A5558AE6B3}.Debug|x64.ActiveCfg = Debug|x64
		{766BCD79-F3C9-4C6D-988C-A4A5558AE6B3}.Debug|x64.Build.0 = Debug|x64
		{766BCD79-F3C9-4C6D-988C-A4A5558AE6B3}.Debug|x86.ActiveCfg = Debug|Win32
		{766BCD79-F3C9-4C6D-988C-A4A5558AE6B3}.Debug|x86.Build.0 = Debug|Win32
		{766BCD79-F3C9-4C6D-988C-A4A5558AE6B3}.Release|x64.ActiveCfg = Release|x64
		{766BCD79-F3C9-4C6D-988C-A4A5558AE6B3}.Release|x64.Build.0 = Release|x64
		{766BCD79-F3C9-4C6D-988C-A4A5558AE6B3}.Release|x86.ActiveCfg = Release|Win32
		{766BCD79-F3C9-4C6D-988C-A4A5558AE6B3}.Release|x86.Build.0 = Release|Win32
		{F22A7A89-42CC-42D7-8F61-FCD7A4BFC96F}.Debug|x64.ActiveCfg = Debug|x64
		{F22A7A89-42CC-42D7-8F61-FCD7A4BFC96F}.Debug|x64.Build.0 = Debug|x64
		{F22A7A89-42CC-42D7-8F61-FCD7A4BFC96F}.Debug|x86.ActiveCfg = Debug|Win32
		{F22A7A89-42CC-42D7-8F61-FCD7A4BFC96F}.Debug|x86.Build.0 = Debug|Win32
		{F22A7A89-42CC-42D7-8F61-FCD7A4BFC96F}.Release|x64.ActiveCfg = Release|x64
		{F22A7A89-42CC-42D7-8F61-FCD7A4BFC96F}.Release|x64.Build.0 = Release|x64
		{F22A7A89-42CC-42D7-8F61-FCD7A4BFC96F}.Release|x86.ActiveCfg = Release|Win32
		{F22A7A89-42CC-42D7-8F61-FCD7A4BFC96F}.Release|x86.Build.0 = Release|Win32
		{0AA5B55C-34C1-45D6-88C5-E1EC4CAEE199}.Debug|x64.ActiveCfg = Debug|x64
		{0AA5B55C-34C1-45D6-88C5-E1EC4CAEE199}.Debug|x64.Build.0 = Debug|x64
		{0AA5B55C-34C1-45D6-88C5-E1EC4CAEE199}.Debug|x86.ActiveCfg = Debug|Win32
		{0AA5B55C-34C1-45D6-88C5-E1EC4CAEE199}.Debug|x86.Build.0 = Debug|Win32
		{0AA5B55C-34C1-45D6-88C5-E1EC4CAEE199}.Release|x64.ActiveCfg = Release|x64
		{0AA5B55C-34C1-45D6-88C5-E1EC4CAEE199}.Release|x64.Build.0 = Release|x64
		{0AA5B55C-34C1-45D6-88C5-E1EC4CAEE199}.Release|x86.ActiveCfg = Release|Win32
		{0AA5B55C-34C1-45D6-88C5-E1EC4CAEE199}.Release|x86.Build.0 = Release|Win32
		{8813E541-528B-40DF-9EEA-A6A1809C338D}.Debug|x64.ActiveCfg = Debug|x64
		{8813E541-528B-40DF-9EEA-A6A1809C338D}.Debug|x64.Build.0 = Debug|x64
		{8813E541-528B-40DF-9EEA-A6A1809C338D}.Debug|x86.ActiveCfg = Debug|Win32
		{8813E541-528B-40DF-9EEA-A6A1809C338D}.Debug|x86.Build.0 = Debug|Win32
		{8813E541-528B-40DF-9EEA-A6A1809C338D}.Release|x64.ActiveCfg = Release|x64
		{8813E541-528B-40DF-9EEA-A6A1809C338D}.Release|x64.Build.0 = Release|x64
		{8813E541-528B-40DF-9EEA-A6A1809C338D}.Release|x86.ActiveCfg = Release|Win32
		{8813E541-528B-40DF-9EEA-A6A1809C338D}.Release|x86.Build.0 = Release|Win32
		{A9902282-F848-458B-B070-A0F26A25A4F9}.Debug|x64.ActiveCfg = Debug|x64
		{A9902282-F848-458B-B070-A0F26A25A4F9}.Debug|x64.Build.0 = Debug|x64
		{A9902282-F848-458B-B070-A0F26A25A4F9}.Debug|x86.ActiveCfg = Debug|Win32
		{A9902282-F848-458B-B070-A0F26A25A4F9}.Debug|x86.Build.0 = Debug|Win32
		{A9902282-F848-458B-B070-A0F26A25A4F9}.Release|x64.ActiveCfg = Release|x64
		{A9902282-F848-458B-B070-A0F26A25A4F9}.Release|x64.Build.0 = Release|x64
		{A9902282-F848-458B-B070-A0F26A25A4F9}.Release|x86.ActiveCfg = Release|Win32
		{A9902282-F848-458B-B070-A0F26A25A4F9}.Release|x86.Build.0 = Release|Win32
		{A1BFCAE8-7965-4ED5-A1E8-037CED5E63C4}.Debug|x64.ActiveCfg = Debug|x64
		{A1BFCAE8-7965-4ED5-A1E8-037CED5E63C4}.Debug|x64.Build.0 = Debug|x64
		{A1BFCAE8-7965-4ED5-A1E8-037CED5E63C4}.Debug|x86.ActiveCfg = Debug|Win32
		{A1BFCAE8-7965-4ED5-A1E8-037CED5E63C4}.Debug|x86.Build.0 = Debug|Win32
		{A1BFCAE8-7965-4ED5-A1E8-037CED5E63C4}.Release|x64.ActiveCfg = Release|x64
		{A1BFCAE8-7965-4ED5-A1E8-037CED5E63C4}.Release|x64.Build.0 = Release|x64
		{A1BFCAE8-7965-4ED5-A1E8-037CED5E63C4}.Release|x86.ActiveCfg = Release|Win32
		{A1BFCAE8-7965-4ED5-A1E8-037CED5E63C4}.Release|x86.Build.0 = Release|Win32
		{6CD73E0D-5C60-4440-8BBB-518B1F02C6E2}.Debug|x64.ActiveCfg = Debug|x64
		{6CD73E0D-5C60-4440-8BBB-518B1F02C6E2}.Debug|x64.Build.0 = Debug|x64
		{6CD73E0D-5C60-4440-8BBB-518B1F02C6E2}.Debug|x86.ActiveCfg = Debug|Win32
		{6CD73E0D-5C60-4440-8BBB-518B1F02C6E2}.Debug|x86.Build.0 = Debug|Win32
		{6CD73E0D-5C60-4440-8BBB-518B1F02C6E2}.Release|x64.ActiveCfg = Release|x64
		{6CD73E0D-5C60-4440-8BBB-518B1F02C6E2}.Release|x64.Build.0 = Release|x64
		{6CD73E0D-5C60-4440-8BBB-518B1F02C6E2}.Release|x86.ActiveCfg = Release|Win32
		{6CD73E0D-5C60-4440-8BBB-518B1F02C6E2}.Release|x86.Build.0 = Release|Win32
		{06B9CF7F-2606-4EDD-B65E-34640ADC5D23}.Debug|x64.ActiveCfg = Debug|x64
		{06B9CF7F-2606-4EDD-B65E-34640ADC5D23}.Debug|x64.Build.0 = Debug|x64
		{06B9CF7F-2606-4EDD-B65E-34640ADC5D23}.Debug|x86.ActiveCfg = Debug|Win32
		{06B9CF7F-2606-4EDD-B65E-34640ADC5D23}.Debug|x86.Build.0 = Debug|Win32
		{06B9CF7F-2606-4EDD-B65E-34640ADC5D23}.Release|x64.ActiveCfg = Release|x64
		{06B9CF7F-2606-4EDD-B65E-34640ADC5D23}.Release|x64.Build.0 = Release|x64
		{06B9CF7F-2606-4EDD-B65E-34640ADC5D23}.Release|x86.ActiveCfg = Release|Win32
		{06B9CF7F-2606-4EDD-B65E-34640ADC5D23}.Release|x86.Build.0 = Release|Win32
	EndGlobalSection
	GlobalSection(SolutionProperties) = preSolution
		HideSolutionNode = FALSE
	EndGlobalSection
	GlobalSection(ExtensibilityGlobals) = postSolution
		SolutionGuid = {CBE91D2C-8EDB-49C5-9083-3D8FE35E13E3}
	EndGlobalSection
EndGlobal
